
Microsoft Visual Studio Solution File, Format Version 12.00
# Visual Studio Version 17
VisualStudioVersion = 17.14.36327.8 d17.14
MinimumVisualStudioVersion = 10.0.40219.1
Project("{FAE04EC0-301F-11D3-BF4B-00C04F79EFBC}") = "erp.Blazor.Server", "erp.Blazor.Server\erp.Blazor.Server.csproj", "{5B0BD38F-0160-4871-8B40-32C3B27DDEDE}"
EndProject
Project("{FAE04EC0-301F-11D3-BF4B-00C04F79EFBC}") = "erp.Module", "erp.Module\erp.Module.csproj", "{FB9AFED2-F1FC-4CF2-BC08-DF4E95192361}"
EndProject
Project("{FAE04EC0-301F-11D3-BF4B-00C04F79EFBC}") = "erp.Win", "erp.Win\erp.Win.csproj", "{E0969179-7CC5-46B7-BED0-481CA7158B09}"
EndProject
Global
	GlobalSection(SolutionConfigurationPlatforms) = preSolution
		Debug|Any CPU = Debug|Any CPU
		EasyTest|Any CPU = EasyTest|Any CPU
		Release|Any CPU = Release|Any CPU
	EndGlobalSection
	GlobalSection(ProjectConfigurationPlatforms) = postSolution
		{5B0BD38F-0160-4871-8B40-32C3B27DDEDE}.Debug|Any CPU.ActiveCfg = Debug|Any CPU
		{5B0BD38F-0160-4871-8B40-32C3B27DDEDE}.Debug|Any CPU.Build.0 = Debug|Any CPU
		{5B0BD38F-0160-4871-8B40-32C3B27DDEDE}.EasyTest|Any CPU.ActiveCfg = EasyTest|Any CPU
		{5B0BD38F-0160-4871-8B40-32C3B27DDEDE}.EasyTest|Any CPU.Build.0 = EasyTest|Any CPU
		{5B0BD38F-0160-4871-8B40-32C3B27DDEDE}.Release|Any CPU.ActiveCfg = Release|Any CPU
		{5B0BD38F-0160-4871-8B40-32C3B27DDEDE}.Release|Any CPU.Build.0 = Release|Any CPU
		{FB9AFED2-F1FC-4CF2-BC08-DF4E95192361}.Debug|Any CPU.ActiveCfg = Debug|Any CPU
		{FB9AFED2-F1FC-4CF2-BC08-DF4E95192361}.Debug|Any CPU.Build.0 = Debug|Any CPU
		{FB9AFED2-F1FC-4CF2-BC08-DF4E95192361}.EasyTest|Any CPU.ActiveCfg = EasyTest|Any CPU
		{FB9AFED2-F1FC-4CF2-BC08-DF4E95192361}.EasyTest|Any CPU.Build.0 = EasyTest|Any CPU
		{FB9AFED2-F1FC-4CF2-BC08-DF4E95192361}.Release|Any CPU.ActiveCfg = Release|Any CPU
		{FB9AFED2-F1FC-4CF2-BC08-DF4E95192361}.Release|Any CPU.Build.0 = Release|Any CPU
		{E0969179-7CC5-46B7-BED0-481CA7158B09}.Debug|Any CPU.ActiveCfg = Debug|Any CPU
		{E0969179-7CC5-46B7-BED0-481CA7158B09}.Debug|Any CPU.Build.0 = Debug|Any CPU
		{E0969179-7CC5-46B7-BED0-481CA7158B09}.EasyTest|Any CPU.ActiveCfg = EasyTest|Any CPU
		{E0969179-7CC5-46B7-BED0-481CA7158B09}.EasyTest|Any CPU.Build.0 = EasyTest|Any CPU
		{E0969179-7CC5-46B7-BED0-481CA7158B09}.Release|Any CPU.ActiveCfg = Release|Any CPU
		{E0969179-7CC5-46B7-BED0-481CA7158B09}.Release|Any CPU.Build.0 = Release|Any CPU
	EndGlobalSection
	GlobalSection(SolutionProperties) = preSolution
		HideSolutionNode = FALSE
	EndGlobalSection
	GlobalSection(ExtensibilityGlobals) = postSolution
		SolutionGuid = {57581DE0-01B0-439E-8E83-C5E7569B1594}
	EndGlobalSection
EndGlobal
